
Microsoft Visual Studio Solution File, Format Version 12.00
# Visual Studio Version 16
VisualStudioVersion = 16.0.29519.87
MinimumVisualStudioVersion = 10.0.40219.1
Project("{FAE04EC0-301F-11D3-BF4B-00C04F79EFBC}") = "SensorData", "SensorData\SensorData.csproj", "{8F9143CA-3BD0-4E32-A781-BD6E27238852}"
EndProject
Project("{FAE04EC0-301F-11D3-BF4B-00C04F79EFBC}") = "Models", "Models\Models.csproj", "{E3DC6F5E-AE15-4F71-8698-F7D6289C1EB8}"
EndProject
Project("{FAE04EC0-301F-11D3-BF4B-00C04F79EFBC}") = "Handlers", "Handlers\Handlers.csproj", "{18E20006-07A4-4771-82B9-3738FFB21DFD}"
EndProject
Project("{FAE04EC0-301F-11D3-BF4B-00C04F79EFBC}") = "Interfaces", "Interfaces\Interfaces.csproj", "{3CE1AE07-28A5-4A37-814B-274C799B01CE}"
EndProject
Project("{2150E333-8FDC-42A3-9474-1A3956D46DE8}") = "Services", "Services", "{C3CEF840-1653-4E93-BA5B-7AA45B6585E3}"
EndProject
Project("{2150E333-8FDC-42A3-9474-1A3956D46DE8}") = "Tests", "Tests", "{58024699-A7DE-470E-A986-301FD6348BCC}"
EndProject
Project("{FAE04EC0-301F-11D3-BF4B-00C04F79EFBC}") = "ModelTests", "Tests\ModelTests\ModelTests.csproj", "{1A69691B-9663-4F91-B73D-4E19F1C2C167}"
EndProject
Project("{FAE04EC0-301F-11D3-BF4B-00C04F79EFBC}") = "HandlerTests", "Tests\HandlerTests\HandlerTests.csproj", "{11530F0B-9754-46F9-BD50-156D12F2D669}"
EndProject
Project("{FAE04EC0-301F-11D3-BF4B-00C04F79EFBC}") = "Constants", "Constants\Constants.csproj", "{D889581F-32DE-47CE-9638-825E75C8FDAD}"
EndProject
Project("{FAE04EC0-301F-11D3-BF4B-00C04F79EFBC}") = "DbService", "Services\DbService\DbService.csproj", "{E226C332-C404-4D22-B19B-0279E5A37480}"
EndProject
Project("{FAE04EC0-301F-11D3-BF4B-00C04F79EFBC}") = "FileService", "Services\FileService\FileService.csproj", "{E0AC0F2C-B749-4143-812A-4C778DE1DBE7}"
EndProject
Project("{FAE04EC0-301F-11D3-BF4B-00C04F79EFBC}") = "RestService", "Services\RestService\RestService.csproj", "{94511D84-C198-4368-B6BE-C59FA058DA84}"
EndProject
Project("{2150E333-8FDC-42A3-9474-1A3956D46DE8}") = "Factories", "Factories", "{B9CADCE6-4864-400D-9248-1CF1AFB98DE5}"
EndProject
Project("{FAE04EC0-301F-11D3-BF4B-00C04F79EFBC}") = "DataHandlerFactories", "Factories\DataHandlerFactories\DataHandlerFactories.csproj", "{7A0C9A2F-3167-43A8-83C7-F77B738C3E8A}"
EndProject
Project("{FAE04EC0-301F-11D3-BF4B-00C04F79EFBC}") = "SensorDataFactories", "Factories\SensorDataFactories\SensorDataFactories.csproj", "{4D18F6E1-3E53-4C59-ACBC-33FC308BB9BF}"
EndProject
Project("{2150E333-8FDC-42A3-9474-1A3956D46DE8}") = "Controllers", "Controllers", "{6EF8DD0E-91EA-4FAE-AD78-2696E4318B10}"
EndProject
Project("{FAE04EC0-301F-11D3-BF4B-00C04F79EFBC}") = "SensorDataController", "Controllers\SensorDataController\SensorDataController.csproj", "{A656EB29-FE52-436B-B759-985CF7905E97}"
EndProject
Project("{FAE04EC0-301F-11D3-BF4B-00C04F79EFBC}") = "ObjService", "Services\ObjService\ObjService.csproj", "{DB44C8F4-9FF6-4FF0-8F60-3429D7847CB0}"
EndProject
Project("{FAE04EC0-301F-11D3-BF4B-00C04F79EFBC}") = "ParserService", "Services\ParserService\ParserService.csproj", "{EB839E4C-7B7E-406D-9576-2B01119248EF}"
EndProject
Project("{FAE04EC0-301F-11D3-BF4B-00C04F79EFBC}") = "ServiceFactories", "Factories\ServiceFactories\ServiceFactories.csproj", "{2EC446CB-DE31-4AA0-9547-579B8E0843B7}"
EndProject
Project("{FAE04EC0-301F-11D3-BF4B-00C04F79EFBC}") = "MeasurementFactories", "Factories\MeasurementFactories\MeasurementFactories.csproj", "{CFFF4B2B-7433-476F-B127-9267C6FDD99D}"
EndProject
Global
	GlobalSection(SolutionConfigurationPlatforms) = preSolution
		Debug|Any CPU = Debug|Any CPU
		Release|Any CPU = Release|Any CPU
	EndGlobalSection
	GlobalSection(ProjectConfigurationPlatforms) = postSolution
		{8F9143CA-3BD0-4E32-A781-BD6E27238852}.Debug|Any CPU.ActiveCfg = Debug|Any CPU
		{8F9143CA-3BD0-4E32-A781-BD6E27238852}.Debug|Any CPU.Build.0 = Debug|Any CPU
		{8F9143CA-3BD0-4E32-A781-BD6E27238852}.Release|Any CPU.ActiveCfg = Release|Any CPU
		{8F9143CA-3BD0-4E32-A781-BD6E27238852}.Release|Any CPU.Build.0 = Release|Any CPU
		{E3DC6F5E-AE15-4F71-8698-F7D6289C1EB8}.Debug|Any CPU.ActiveCfg = Debug|Any CPU
		{E3DC6F5E-AE15-4F71-8698-F7D6289C1EB8}.Debug|Any CPU.Build.0 = Debug|Any CPU
		{E3DC6F5E-AE15-4F71-8698-F7D6289C1EB8}.Release|Any CPU.ActiveCfg = Release|Any CPU
		{E3DC6F5E-AE15-4F71-8698-F7D6289C1EB8}.Release|Any CPU.Build.0 = Release|Any CPU
		{18E20006-07A4-4771-82B9-3738FFB21DFD}.Debug|Any CPU.ActiveCfg = Debug|Any CPU
		{18E20006-07A4-4771-82B9-3738FFB21DFD}.Debug|Any CPU.Build.0 = Debug|Any CPU
		{18E20006-07A4-4771-82B9-3738FFB21DFD}.Release|Any CPU.ActiveCfg = Release|Any CPU
		{18E20006-07A4-4771-82B9-3738FFB21DFD}.Release|Any CPU.Build.0 = Release|Any CPU
		{3CE1AE07-28A5-4A37-814B-274C799B01CE}.Debug|Any CPU.ActiveCfg = Debug|Any CPU
		{3CE1AE07-28A5-4A37-814B-274C799B01CE}.Debug|Any CPU.Build.0 = Debug|Any CPU
		{3CE1AE07-28A5-4A37-814B-274C799B01CE}.Release|Any CPU.ActiveCfg = Release|Any CPU
		{3CE1AE07-28A5-4A37-814B-274C799B01CE}.Release|Any CPU.Build.0 = Release|Any CPU
		{1A69691B-9663-4F91-B73D-4E19F1C2C167}.Debug|Any CPU.ActiveCfg = Debug|Any CPU
		{1A69691B-9663-4F91-B73D-4E19F1C2C167}.Debug|Any CPU.Build.0 = Debug|Any CPU
		{1A69691B-9663-4F91-B73D-4E19F1C2C167}.Release|Any CPU.ActiveCfg = Release|Any CPU
		{1A69691B-9663-4F91-B73D-4E19F1C2C167}.Release|Any CPU.Build.0 = Release|Any CPU
		{11530F0B-9754-46F9-BD50-156D12F2D669}.Debug|Any CPU.ActiveCfg = Debug|Any CPU
		{11530F0B-9754-46F9-BD50-156D12F2D669}.Debug|Any CPU.Build.0 = Debug|Any CPU
		{11530F0B-9754-46F9-BD50-156D12F2D669}.Release|Any CPU.ActiveCfg = Release|Any CPU
		{11530F0B-9754-46F9-BD50-156D12F2D669}.Release|Any CPU.Build.0 = Release|Any CPU
		{D889581F-32DE-47CE-9638-825E75C8FDAD}.Debug|Any CPU.ActiveCfg = Debug|Any CPU
		{D889581F-32DE-47CE-9638-825E75C8FDAD}.Debug|Any CPU.Build.0 = Debug|Any CPU
		{D889581F-32DE-47CE-9638-825E75C8FDAD}.Release|Any CPU.ActiveCfg = Release|Any CPU
		{D889581F-32DE-47CE-9638-825E75C8FDAD}.Release|Any CPU.Build.0 = Release|Any CPU
		{E226C332-C404-4D22-B19B-0279E5A37480}.Debug|Any CPU.ActiveCfg = Debug|Any CPU
		{E226C332-C404-4D22-B19B-0279E5A37480}.Debug|Any CPU.Build.0 = Debug|Any CPU
		{E226C332-C404-4D22-B19B-0279E5A37480}.Release|Any CPU.ActiveCfg = Release|Any CPU
		{E226C332-C404-4D22-B19B-0279E5A37480}.Release|Any CPU.Build.0 = Release|Any CPU
		{E0AC0F2C-B749-4143-812A-4C778DE1DBE7}.Debug|Any CPU.ActiveCfg = Debug|Any CPU
		{E0AC0F2C-B749-4143-812A-4C778DE1DBE7}.Debug|Any CPU.Build.0 = Debug|Any CPU
		{E0AC0F2C-B749-4143-812A-4C778DE1DBE7}.Release|Any CPU.ActiveCfg = Release|Any CPU
		{E0AC0F2C-B749-4143-812A-4C778DE1DBE7}.Release|Any CPU.Build.0 = Release|Any CPU
		{94511D84-C198-4368-B6BE-C59FA058DA84}.Debug|Any CPU.ActiveCfg = Debug|Any CPU
		{94511D84-C198-4368-B6BE-C59FA058DA84}.Debug|Any CPU.Build.0 = Debug|Any CPU
		{94511D84-C198-4368-B6BE-C59FA058DA84}.Release|Any CPU.ActiveCfg = Release|Any CPU
		{94511D84-C198-4368-B6BE-C59FA058DA84}.Release|Any CPU.Build.0 = Release|Any CPU
		{7A0C9A2F-3167-43A8-83C7-F77B738C3E8A}.Debug|Any CPU.ActiveCfg = Debug|Any CPU
		{7A0C9A2F-3167-43A8-83C7-F77B738C3E8A}.Debug|Any CPU.Build.0 = Debug|Any CPU
		{7A0C9A2F-3167-43A8-83C7-F77B738C3E8A}.Release|Any CPU.ActiveCfg = Release|Any CPU
		{7A0C9A2F-3167-43A8-83C7-F77B738C3E8A}.Release|Any CPU.Build.0 = Release|Any CPU
		{4D18F6E1-3E53-4C59-ACBC-33FC308BB9BF}.Debug|Any CPU.ActiveCfg = Debug|Any CPU
		{4D18F6E1-3E53-4C59-ACBC-33FC308BB9BF}.Debug|Any CPU.Build.0 = Debug|Any CPU
		{4D18F6E1-3E53-4C59-ACBC-33FC308BB9BF}.Release|Any CPU.ActiveCfg = Release|Any CPU
		{4D18F6E1-3E53-4C59-ACBC-33FC308BB9BF}.Release|Any CPU.Build.0 = Release|Any CPU
		{A656EB29-FE52-436B-B759-985CF7905E97}.Debug|Any CPU.ActiveCfg = Debug|Any CPU
		{A656EB29-FE52-436B-B759-985CF7905E97}.Debug|Any CPU.Build.0 = Debug|Any CPU
		{A656EB29-FE52-436B-B759-985CF7905E97}.Release|Any CPU.ActiveCfg = Release|Any CPU
		{A656EB29-FE52-436B-B759-985CF7905E97}.Release|Any CPU.Build.0 = Release|Any CPU
		{DB44C8F4-9FF6-4FF0-8F60-3429D7847CB0}.Debug|Any CPU.ActiveCfg = Debug|Any CPU
		{DB44C8F4-9FF6-4FF0-8F60-3429D7847CB0}.Debug|Any CPU.Build.0 = Debug|Any CPU
		{DB44C8F4-9FF6-4FF0-8F60-3429D7847CB0}.Release|Any CPU.ActiveCfg = Release|Any CPU
		{DB44C8F4-9FF6-4FF0-8F60-3429D7847CB0}.Release|Any CPU.Build.0 = Release|Any CPU
		{EB839E4C-7B7E-406D-9576-2B01119248EF}.Debug|Any CPU.ActiveCfg = Debug|Any CPU
		{EB839E4C-7B7E-406D-9576-2B01119248EF}.Debug|Any CPU.Build.0 = Debug|Any CPU
		{EB839E4C-7B7E-406D-9576-2B01119248EF}.Release|Any CPU.ActiveCfg = Release|Any CPU
		{EB839E4C-7B7E-406D-9576-2B01119248EF}.Release|Any CPU.Build.0 = Release|Any CPU
		{2EC446CB-DE31-4AA0-9547-579B8E0843B7}.Debug|Any CPU.ActiveCfg = Debug|Any CPU
		{2EC446CB-DE31-4AA0-9547-579B8E0843B7}.Debug|Any CPU.Build.0 = Debug|Any CPU
		{2EC446CB-DE31-4AA0-9547-579B8E0843B7}.Release|Any CPU.ActiveCfg = Release|Any CPU
		{2EC446CB-DE31-4AA0-9547-579B8E0843B7}.Release|Any CPU.Build.0 = Release|Any CPU
		{CFFF4B2B-7433-476F-B127-9267C6FDD99D}.Debug|Any CPU.ActiveCfg = Debug|Any CPU
		{CFFF4B2B-7433-476F-B127-9267C6FDD99D}.Debug|Any CPU.Build.0 = Debug|Any CPU
		{CFFF4B2B-7433-476F-B127-9267C6FDD99D}.Release|Any CPU.ActiveCfg = Release|Any CPU
		{CFFF4B2B-7433-476F-B127-9267C6FDD99D}.Release|Any CPU.Build.0 = Release|Any CPU
	EndGlobalSection
	GlobalSection(SolutionProperties) = preSolution
		HideSolutionNode = FALSE
	EndGlobalSection
	GlobalSection(NestedProjects) = preSolution
		{1A69691B-9663-4F91-B73D-4E19F1C2C167} = {58024699-A7DE-470E-A986-301FD6348BCC}
		{11530F0B-9754-46F9-BD50-156D12F2D669} = {58024699-A7DE-470E-A986-301FD6348BCC}
		{E226C332-C404-4D22-B19B-0279E5A37480} = {C3CEF840-1653-4E93-BA5B-7AA45B6585E3}
		{E0AC0F2C-B749-4143-812A-4C778DE1DBE7} = {C3CEF840-1653-4E93-BA5B-7AA45B6585E3}
		{94511D84-C198-4368-B6BE-C59FA058DA84} = {C3CEF840-1653-4E93-BA5B-7AA45B6585E3}
		{7A0C9A2F-3167-43A8-83C7-F77B738C3E8A} = {B9CADCE6-4864-400D-9248-1CF1AFB98DE5}
		{4D18F6E1-3E53-4C59-ACBC-33FC308BB9BF} = {B9CADCE6-4864-400D-9248-1CF1AFB98DE5}
		{A656EB29-FE52-436B-B759-985CF7905E97} = {6EF8DD0E-91EA-4FAE-AD78-2696E4318B10}
		{DB44C8F4-9FF6-4FF0-8F60-3429D7847CB0} = {C3CEF840-1653-4E93-BA5B-7AA45B6585E3}
		{EB839E4C-7B7E-406D-9576-2B01119248EF} = {C3CEF840-1653-4E93-BA5B-7AA45B6585E3}
		{2EC446CB-DE31-4AA0-9547-579B8E0843B7} = {B9CADCE6-4864-400D-9248-1CF1AFB98DE5}
		{CFFF4B2B-7433-476F-B127-9267C6FDD99D} = {B9CADCE6-4864-400D-9248-1CF1AFB98DE5}
	EndGlobalSection
	GlobalSection(ExtensibilityGlobals) = postSolution
		SolutionGuid = {9A9D2265-C774-4811-8ECA-CABB3576F076}
	EndGlobalSection
EndGlobal
